
Microsoft Visual Studio Solution File, Format Version 12.00
# Visual Studio Version 17
VisualStudioVersion = 17.1.32319.34
MinimumVisualStudioVersion = 10.0.40219.1
Project("{FAE04EC0-301F-11D3-BF4B-00C04F79EFBC}") = "TestApiPublish", "TestApiPublish.csproj", "{74B83CC0-5F64-4216-8E73-3EE324257907}"
EndProject
Global
	GlobalSection(SolutionConfigurationPlatforms) = preSolution
		Debug|Any CPU = Debug|Any CPU
		Release|Any CPU = Release|Any CPU
	EndGlobalSection
	GlobalSection(ProjectConfigurationPlatforms) = postSolution
		{74B83CC0-5F64-4216-8E73-3EE324257907}.Debug|Any CPU.ActiveCfg = Debug|Any CPU
		{74B83CC0-5F64-4216-8E73-3EE324257907}.Debug|Any CPU.Build.0 = Debug|Any CPU
		{74B83CC0-5F64-4216-8E73-3EE324257907}.Release|Any CPU.ActiveCfg = Release|Any CPU
		{74B83CC0-5F64-4216-8E73-3EE324257907}.Release|Any CPU.Build.0 = Release|Any CPU
	EndGlobalSection
	GlobalSection(SolutionProperties) = preSolution
		HideSolutionNode = FALSE
	EndGlobalSection
	GlobalSection(ExtensibilityGlobals) = postSolution
		SolutionGuid = {BDD9A2A6-71CF-4AFD-A458-DABDE356FD68}
	EndGlobalSection
EndGlobal
